github.com/google/go-cmp v0.5.8 h1:e6P7q2lk1O+qJJb4BtCQXlK8vWEO8V1ZeuEdJNOqZyg=
github.com/google/go-cmp v0.5.8/go.mod h1:17dUlkBOakJ0+DkrSSNjCkIjxS6bF9zb3elmeNGIjoY=
github.com/pkg/errors v0.8.1 h1:iURUrRGxPUNPdy5/HRSm+Yj6okJ6UtLINN0Q9M4+h3I=
github.com/pkg/errors v0.8.1/go.mod h1:bwawxfHBFNV+L2hUp1rHADufV3IMtnDRdf1r5NINEl0=
github.com/shoenig/test v0.2.2 h1:Hxwbl5bBVMD87utcrkYsf1j0T3DN8XoTkW46XXFmmWg=
github.com/shoenig/test v0.2.2/go.mod h1:xYtyGBC5Q3kzCNyJg/SjgNpfAa2kvmgA0i5+lQso8x0=
gophers.dev/pkgs/regexplus v0.2.0 h1:HXUUh80mVBcRKx4shSS1xIOW0t+Akz+TRo3sgUylEvI=
gophers.dev/pkgs/regexplus v0.2.0/go.mod h1:K4ctjcxPeUcN0wpFcQUavX4jygQC8pMEBLnEklP7Iio=
